
Microsoft Visual Studio Solution File, Format Version 12.00
# Visual Studio Version 16
VisualStudioVersion = 16.0.29519.87
MinimumVisualStudioVersion = 10.0.40219.1
Project("{FAE04EC0-301F-11D3-BF4B-00C04F79EFBC}") = "SuperCan", "SuperCan\SuperCan.csproj", "{DF05402D-9A93-46BD-8B48-E49F07ABA002}"
EndProject
Global
	GlobalSection(SolutionConfigurationPlatforms) = preSolution
		Debug|Any CPU = Debug|Any CPU
		Release|Any CPU = Release|Any CPU
	EndGlobalSection
	GlobalSection(ProjectConfigurationPlatforms) = postSolution
		{DF05402D-9A93-46BD-8B48-E49F07ABA002}.Debug|Any CPU.ActiveCfg = Debug|Any CPU
		{DF05402D-9A93-46BD-8B48-E49F07ABA002}.Debug|Any CPU.Build.0 = Debug|Any CPU
		{DF05402D-9A93-46BD-8B48-E49F07ABA002}.Release|Any CPU.ActiveCfg = Release|Any CPU
		{DF05402D-9A93-46BD-8B48-E49F07ABA002}.Release|Any CPU.Build.0 = Release|Any CPU
	EndGlobalSection
	GlobalSection(SolutionProperties) = preSolution
		HideSolutionNode = FALSE
	EndGlobalSection
	GlobalSection(ExtensibilityGlobals) = postSolution
		SolutionGuid = {5491CA08-E770-443A-8775-1D5C711F9E81}
	EndGlobalSection
EndGlobal
